
Microsoft Visual Studio Solution File, Format Version 12.00
# Visual Studio 14
VisualStudioVersion = 14.0.25420.1
MinimumVisualStudioVersion = 10.0.40219.1
Project("{FAE04EC0-301F-11D3-BF4B-00C04F79EFBC}") = "ForgetTheMilk", "ForgetTheMilk\ForgetTheMilk.csproj", "{12BDC03C-8325-4366-9410-FC90E77DAD37}"
EndProject
Project("{FAE04EC0-301F-11D3-BF4B-00C04F79EFBC}") = "ConsoleVerification", "ConsoleVerification\ConsoleVerification.csproj", "{3B7EA895-F650-4B9A-BDEB-40A79A5FC501}"
EndProject
Global
	GlobalSection(SolutionConfigurationPlatforms) = preSolution
		Debug|Any CPU = Debug|Any CPU
		Release|Any CPU = Release|Any CPU
	EndGlobalSection
	GlobalSection(ProjectConfigurationPlatforms) = postSolution
		{12BDC03C-8325-4366-9410-FC90E77DAD37}.Debug|Any CPU.ActiveCfg = Debug|Any CPU
		{12BDC03C-8325-4366-9410-FC90E77DAD37}.Debug|Any CPU.Build.0 = Debug|Any CPU
		{12BDC03C-8325-4366-9410-FC90E77DAD37}.Release|Any CPU.ActiveCfg = Release|Any CPU
		{12BDC03C-8325-4366-9410-FC90E77DAD37}.Release|Any CPU.Build.0 = Release|Any CPU
		{3B7EA895-F650-4B9A-BDEB-40A79A5FC501}.Debug|Any CPU.ActiveCfg = Debug|Any CPU
		{3B7EA895-F650-4B9A-BDEB-40A79A5FC501}.Debug|Any CPU.Build.0 = Debug|Any CPU
		{3B7EA895-F650-4B9A-BDEB-40A79A5FC501}.Release|Any CPU.ActiveCfg = Release|Any CPU
		{3B7EA895-F650-4B9A-BDEB-40A79A5FC501}.Release|Any CPU.Build.0 = Release|Any CPU
	EndGlobalSection
	GlobalSection(SolutionProperties) = preSolution
		HideSolutionNode = FALSE
	EndGlobalSection
EndGlobal
